
Microsoft Visual Studio Solution File, Format Version 12.00
# Visual Studio 15
VisualStudioVersion = 15.0.28307.489
MinimumVisualStudioVersion = 10.0.40219.1
Project("{FAE04EC0-301F-11D3-BF4B-00C04F79EFBC}") = "Practica clase 4", "Practica clase 4\Practica clase 4.csproj", "{721ECFC7-2C84-4491-81E9-54BE05FD16A0}"
EndProject
Project("{FAE04EC0-301F-11D3-BF4B-00C04F79EFBC}") = "Logica", "Logica\Logica.csproj", "{C9568E66-4221-429D-A547-70A795FFF91E}"
EndProject
Global
	GlobalSection(SolutionConfigurationPlatforms) = preSolution
		Debug|Any CPU = Debug|Any CPU
		Release|Any CPU = Release|Any CPU
	EndGlobalSection
	GlobalSection(ProjectConfigurationPlatforms) = postSolution
		{721ECFC7-2C84-4491-81E9-54BE05FD16A0}.Debug|Any CPU.ActiveCfg = Debug|Any CPU
		{721ECFC7-2C84-4491-81E9-54BE05FD16A0}.Debug|Any CPU.Build.0 = Debug|Any CPU
		{721ECFC7-2C84-4491-81E9-54BE05FD16A0}.Release|Any CPU.ActiveCfg = Release|Any CPU
		{721ECFC7-2C84-4491-81E9-54BE05FD16A0}.Release|Any CPU.Build.0 = Release|Any CPU
		{C9568E66-4221-429D-A547-70A795FFF91E}.Debug|Any CPU.ActiveCfg = Debug|Any CPU
		{C9568E66-4221-429D-A547-70A795FFF91E}.Debug|Any CPU.Build.0 = Debug|Any CPU
		{C9568E66-4221-429D-A547-70A795FFF91E}.Release|Any CPU.ActiveCfg = Release|Any CPU
		{C9568E66-4221-429D-A547-70A795FFF91E}.Release|Any CPU.Build.0 = Release|Any CPU
	EndGlobalSection
	GlobalSection(SolutionProperties) = preSolution
		HideSolutionNode = FALSE
	EndGlobalSection
	GlobalSection(ExtensibilityGlobals) = postSolution
		SolutionGuid = {AC544819-2A8A-4FFD-AEC4-4CC73B536DB1}
	EndGlobalSection
EndGlobal
